
Microsoft Visual Studio Solution File, Format Version 12.00
# Visual Studio Version 16
VisualStudioVersion = 16.0.31410.357
MinimumVisualStudioVersion = 10.0.40219.1
Project("{FAE04EC0-301F-11D3-BF4B-00C04F79EFBC}") = "Tarea04_7", "Tarea04_7\Tarea04_7.csproj", "{F32CC082-CB17-461D-8FF7-100BCDD7563A}"
EndProject
Global
	GlobalSection(SolutionConfigurationPlatforms) = preSolution
		Debug|Any CPU = Debug|Any CPU
		Release|Any CPU = Release|Any CPU
	EndGlobalSection
	GlobalSection(ProjectConfigurationPlatforms) = postSolution
		{F32CC082-CB17-461D-8FF7-100BCDD7563A}.Debug|Any CPU.ActiveCfg = Debug|Any CPU
		{F32CC082-CB17-461D-8FF7-100BCDD7563A}.Debug|Any CPU.Build.0 = Debug|Any CPU
		{F32CC082-CB17-461D-8FF7-100BCDD7563A}.Release|Any CPU.ActiveCfg = Release|Any CPU
		{F32CC082-CB17-461D-8FF7-100BCDD7563A}.Release|Any CPU.Build.0 = Release|Any CPU
	EndGlobalSection
	GlobalSection(SolutionProperties) = preSolution
		HideSolutionNode = FALSE
	EndGlobalSection
	GlobalSection(ExtensibilityGlobals) = postSolution
		SolutionGuid = {4F59B649-22F7-47AC-9E6F-905A3230622D}
	EndGlobalSection
EndGlobal
